// !$*UTF8*$!
{
	archiveVersion = 1;
	classes = {
	};
	objectVersion = 46;
	objects = {

/* Begin PBXBuildFile section */
		2AD318951AFAC3EC003E6A36 /* AppDelegate.swift in Sources */ = {isa = PBXBuildFile; fileRef = 2AD318941AFAC3EC003E6A36 /* AppDelegate.swift */; };
		2AD318971AFAC3EC003E6A36 /* RecordSoundsViewController.swift in Sources */ = {isa = PBXBuildFile; fileRef = 2AD318961AFAC3EC003E6A36 /* RecordSoundsViewController.swift */; };
		2AD3189A1AFAC3EC003E6A36 /* Main.storyboard in Resources */ = {isa = PBXBuildFile; fileRef = 2AD318981AFAC3EC003E6A36 /* Main.storyboard */; };
		2AD3189C1AFAC3EC003E6A36 /* Images.xcassets in Resources */ = {isa = PBXBuildFile; fileRef = 2AD3189B1AFAC3EC003E6A36 /* Images.xcassets */; };
		2AD3189F1AFAC3EC003E6A36 /* LaunchScreen.xib in Resources */ = {isa = PBXBuildFile; fileRef = 2AD3189D1AFAC3EC003E6A36 /* LaunchScreen.xib */; };
		2AD318AB1AFAC3ED003E6A36 /* Pitch_PerfectTests.swift in Sources */ = {isa = PBXBuildFile; fileRef = 2AD318AA1AFAC3ED003E6A36 /* Pitch_PerfectTests.swift */; };
		2AD318B51B010717003E6A36 /* PlaySoundsViewController.swift in Sources */ = {isa = PBXBuildFile; fileRef = 2AD318B41B010717003E6A36 /* PlaySoundsViewController.swift */; };
		2AD318B71B010D67003E6A36 /* movie_quote.mp3 in Resources */ = {isa = PBXBuildFile; fileRef = 2AD318B61B010D67003E6A36 /* movie_quote.mp3 */; };
		2AD318B91B015840003E6A36 /* RecordedAudio.swift in Sources */ = {isa = PBXBuildFile; fileRef = 2AD318B81B015840003E6A36 /* RecordedAudio.swift */; };
/* End PBXBuildFile section */

/* Begin PBXContainerItemProxy section */
		2AD318A51AFAC3ED003E6A36 /* PBXContainerItemProxy */ = {
			isa = PBXContainerItemProxy;
			containerPortal = 2AD318871AFAC3EC003E6A36 /* Project object */;
			proxyType = 1;
			remoteGlobalIDString = 2AD3188E1AFAC3EC003E6A36;
			remoteInfo = "Pitch Perfect";
		};
/* End PBXContainerItemProxy section */

/* Begin PBXFileReference section */
		2AD3188F1AFAC3EC003E6A36 /* Pitch Perfect.app */ = {isa = PBXFileReference; explicitFileType = wrapper.application; includeInIndex = 0; path = "Pitch Perfect.app"; sourceTree = BUILT_PRODUCTS_DIR; };
		2AD318931AFAC3EC003E6A36 /* Info.plist */ = {isa = PBXFileReference; lastKnownFileType = text.plist.xml; path = Info.plist; sourceTree = "<group>"; };
		2AD318941AFAC3EC003E6A36 /* AppDelegate.swift */ = {isa = PBXFileReference; lastKnownFileType = sourcecode.swift; path = AppDelegate.swift; sourceTree = "<group>"; };
		2AD318961AFAC3EC003E6A36 /* RecordSoundsViewController.swift */ = {isa = PBXFileReference; lastKnownFileType = sourcecode.swift; path = RecordSoundsViewController.swift; sourceTree = "<group>"; };
		2AD318991AFAC3EC003E6A36 /* Base */ = {isa = PBXFileReference; lastKnownFileType = file.storyboard; name = Base; path = Base.lproj/Main.storyboard; sourceTree = "<group>"; };
		2AD3189B1AFAC3EC003E6A36 /* Images.xcassets */ = {isa = PBXFileReference; lastKnownFileType = folder.assetcatalog; path = Images.xcassets; sourceTree = "<group>"; };
		2AD3189E1AFAC3EC003E6A36 /* Base */ = {isa = PBXFileReference; lastKnownFileType = file.xib; name = Base; path = Base.lproj/LaunchScreen.xib; sourceTree = "<group>"; };
		2AD318A41AFAC3ED003E6A36 /* Pitch PerfectTests.xctest */ = {isa = PBXFileReference; explicitFileType = wrapper.cfbundle; includeInIndex = 0; path = "Pitch PerfectTests.xctest"; sourceTree = BUILT_PRODUCTS_DIR; };
		2AD318A91AFAC3ED003E6A36 /* Info.plist */ = {isa = PBXFileReference; lastKnownFileType = text.plist.xml; path = Info.plist; sourceTree = "<group>"; };
		2AD318AA1AFAC3ED003E6A36 /* Pitch_PerfectTests.swift */ = {isa = PBXFileReference; lastKnownFileType = sourcecode.swift; path = Pitch_PerfectTests.swift; sourceTree = "<group>"; };
		2AD318B41B010717003E6A36 /* PlaySoundsViewController.swift */ = {isa = PBXFileReference; fileEncoding = 4; lastKnownFileType = sourcecode.swift; path = PlaySoundsViewController.swift; sourceTree = "<group>"; };
		2AD318B61B010D67003E6A36 /* movie_quote.mp3 */ = {isa = PBXFileReference; lastKnownFileType = audio.mp3; path = movie_quote.mp3; sourceTree = "<group>"; };
		2AD318B81B015840003E6A36 /* RecordedAudio.swift */ = {isa = PBXFileReference; fileEncoding = 4; lastKnownFileType = sourcecode.swift; path = RecordedAudio.swift; sourceTree = "<group>"; };
/* End PBXFileReference section */

/* Begin PBXFrameworksBuildPhase section */
		2AD3188C1AFAC3EC003E6A36 /* Frameworks */ = {
			isa = PBXFrameworksBuildPhase;
			buildActionMask = 2147483647;
			files = (
			);
			runOnlyForDeploymentPostprocessing = 0;
		};
		2AD318A11AFAC3ED003E6A36 /* Frameworks */ = {
			isa = PBXFrameworksBuildPhase;
			buildActionMask = 2147483647;
			files = (
			);
			runOnlyForDeploymentPostprocessing = 0;
		};
/* End PBXFrameworksBuildPhase section */

/* Begin PBXGroup section */
		2AD318861AFAC3EC003E6A36 = {
			isa = PBXGroup;
			children = (
				2AD318911AFAC3EC003E6A36 /* Pitch Perfect */,
				2AD318A71AFAC3ED003E6A36 /* Pitch PerfectTests */,
				2AD318901AFAC3EC003E6A36 /* Products */,
			);
			sourceTree = "<group>";
		};
		2AD318901AFAC3EC003E6A36 /* Products */ = {
			isa = PBXGroup;
			children = (
				2AD3188F1AFAC3EC003E6A36 /* Pitch Perfect.app */,
				2AD318A41AFAC3ED003E6A36 /* Pitch PerfectTests.xctest */,
			);
			name = Products;
			sourceTree = "<group>";
		};
		2AD318911AFAC3EC003E6A36 /* Pitch Perfect */ = {
			isa = PBXGroup;
			children = (
				2AD318941AFAC3EC003E6A36 /* AppDelegate.swift */,
				2AD318961AFAC3EC003E6A36 /* RecordSoundsViewController.swift */,
				2AD318981AFAC3EC003E6A36 /* Main.storyboard */,
				2AD318B81B015840003E6A36 /* RecordedAudio.swift */,
				2AD318B41B010717003E6A36 /* PlaySoundsViewController.swift */,
				2AD3189B1AFAC3EC003E6A36 /* Images.xcassets */,
				2AD3189D1AFAC3EC003E6A36 /* LaunchScreen.xib */,
				2AD318921AFAC3EC003E6A36 /* Supporting Files */,
			);
			path = "Pitch Perfect";
			sourceTree = "<group>";
		};
		2AD318921AFAC3EC003E6A36 /* Supporting Files */ = {
			isa = PBXGroup;
			children = (
				2AD318B61B010D67003E6A36 /* movie_quote.mp3 */,
				2AD318931AFAC3EC003E6A36 /* Info.plist */,
			);
			name = "Supporting Files";
			sourceTree = "<group>";
		};
		2AD318A71AFAC3ED003E6A36 /* Pitch PerfectTests */ = {
			isa = PBXGroup;
			children = (
				2AD318AA1AFAC3ED003E6A36 /* Pitch_PerfectTests.swift */,
				2AD318A81AFAC3ED003E6A36 /* Supporting Files */,
			);
			path = "Pitch PerfectTests";
			sourceTree = "<group>";
		};
		2AD318A81AFAC3ED003E6A36 /* Supporting Files */ = {
			isa = PBXGroup;
			children = (
				2AD318A91AFAC3ED003E6A36 /* Info.plist */,
			);
			name = "Supporting Files";
			sourceTree = "<group>";
		};
/* End PBXGroup section */

/* Begin PBXNativeTarget section */
		2AD3188E1AFAC3EC003E6A36 /* Pitch Perfect */ = {
			isa = PBXNativeTarget;
			buildConfigurationList = 2AD318AE1AFAC3ED003E6A36 /* Build configuration list for PBXNativeTarget "Pitch Perfect" */;
			buildPhases = (
				2AD3188B1AFAC3EC003E6A36 /* Sources */,
				2AD3188C1AFAC3EC003E6A36 /* Frameworks */,
				2AD3188D1AFAC3EC003E6A36 /* Resources */,
			);
			buildRules = (
			);
			dependencies = (
			);
			name = "Pitch Perfect";
			productName = "Pitch Perfect";
			productReference = 2AD3188F1AFAC3EC003E6A36 /* Pitch Perfect.app */;
			productType = "com.apple.product-type.application";
		};
		2AD318A31AFAC3ED003E6A36 /* Pitch PerfectTests */ = {
			isa = PBXNativeTarget;
			buildConfigurationList = 2AD318B11AFAC3ED003E6A36 /* Build configuration list for PBXNativeTarget "Pitch PerfectTests" */;
			buildPhases = (
				2AD318A01AFAC3ED003E6A36 /* Sources */,
				2AD318A11AFAC3ED003E6A36 /* Frameworks */,
				2AD318A21AFAC3ED003E6A36 /* Resources */,
			);
			buildRules = (
			);
			dependencies = (
				2AD318A61AFAC3ED003E6A36 /* PBXTargetDependency */,
			);
			name = "Pitch PerfectTests";
			productName = "Pitch PerfectTests";
			productReference = 2AD318A41AFAC3ED003E6A36 /* Pitch PerfectTests.xctest */;
			productType = "com.apple.product-type.bundle.unit-test";
		};
/* End PBXNativeTarget section */

/* Begin PBXProject section */
		2AD318871AFAC3EC003E6A36 /* Project object */ = {
			isa = PBXProject;
			attributes = {
				LastUpgradeCheck = 0630;
				ORGANIZATIONNAME = "Keith Wellman";
				TargetAttributes = {
					2AD3188E1AFAC3EC003E6A36 = {
						CreatedOnToolsVersion = 6.3.1;
					};
					2AD318A31AFAC3ED003E6A36 = {
						CreatedOnToolsVersion = 6.3.1;
						TestTargetID = 2AD3188E1AFAC3EC003E6A36;
					};
				};
			};
			buildConfigurationList = 2AD3188A1AFAC3EC003E6A36 /* Build configuration list for PBXProject "Pitch Perfect" */;
			compatibilityVersion = "Xcode 3.2";
			developmentRegion = English;
			hasScannedForEncodings = 0;
			knownRegions = (
				en,
				Base,
			);
			mainGroup = 2AD318861AFAC3EC003E6A36;
			productRefGroup = 2AD318901AFAC3EC003E6A36 /* Products */;
			projectDirPath = "";
			projectRoot = "";
			targets = (
				2AD3188E1AFAC3EC003E6A36 /* Pitch Perfect */,
				2AD318A31AFAC3ED003E6A36 /* Pitch PerfectTests */,
			);
		};
/* End PBXProject section */

/* Begin PBXResourcesBuildPhase section */
		2AD3188D1AFAC3EC003E6A36 /* Resources */ = {
			isa = PBXResourcesBuildPhase;
			buildActionMask = 2147483647;
			files = (
				2AD3189A1AFAC3EC003E6A36 /* Main.storyboard in Resources */,
				2AD3189F1AFAC3EC003E6A36 /* LaunchScreen.xib in Resources */,
				2AD318B71B010D67003E6A36 /* movie_quote.mp3 in Resources */,
				2AD3189C1AFAC3EC003E6A36 /* Images.xcassets in Resources */,
			);
			runOnlyForDeploymentPostprocessing = 0;
		};
		2AD318A21AFAC3ED003E6A36 /* Resources */ = {
			isa = PBXResourcesBuildPhase;
			buildActionMask = 2147483647;
			files = (
			);
			runOnlyForDeploymentPostprocessing = 0;
		};
/* End PBXResourcesBuildPhase section */

/* Begin PBXSourcesBuildPhase section */
		2AD3188B1AFAC3EC003E6A36 /* Sources */ = {
			isa = PBXSourcesBuildPhase;
			buildActionMask = 2147483647;
			files = (
				2AD318B91B015840003E6A36 /* RecordedAudio.swift in Sources */,
				2AD318971AFAC3EC003E6A36 /* RecordSoundsViewController.swift in Sources */,
				2AD318B51B010717003E6A36 /* PlaySoundsViewController.swift in Sources */,
				2AD318951AFAC3EC003E6A36 /* AppDelegate.swift in Sources */,
			);
			runOnlyForDeploymentPostprocessing = 0;
		};
		2AD318A01AFAC3ED003E6A36 /* Sources */ = {
			isa = PBXSourcesBuildPhase;
			buildActionMask = 2147483647;
			files = (
				2AD318AB1AFAC3ED003E6A36 /* Pitch_PerfectTests.swift in Sources */,
			);
			runOnlyForDeploymentPostprocessing = 0;
		};
/* End PBXSourcesBuildPhase section */

/* Begin PBXTargetDependency section */
		2AD318A61AFAC3ED003E6A36 /* PBXTargetDependency */ = {
			isa = PBXTargetDependency;
			target = 2AD3188E1AFAC3EC003E6A36 /* Pitch Perfect */;
			targetProxy = 2AD318A51AFAC3ED003E6A36 /* PBXContainerItemProxy */;
		};
/* End PBXTargetDependency section */

/* Begin PBXVariantGroup section */
		2AD318981AFAC3EC003E6A36 /* Main.storyboard */ = {
			isa = PBXVariantGroup;
			children = (
				2AD318991AFAC3EC003E6A36 /* Base */,
			);
			name = Main.storyboard;
			sourceTree = "<group>";
		};
		2AD3189D1AFAC3EC003E6A36 /* LaunchScreen.xib */ = {
			isa = PBXVariantGroup;
			children = (
				2AD3189E1AFAC3EC003E6A36 /* Base */,
			);
			name = LaunchScreen.xib;
			sourceTree = "<group>";
		};
/* End PBXVariantGroup section */

/* Begin XCBuildConfiguration section */
		2AD318AC1AFAC3ED003E6A36 /* Debug */ = {
			isa = XCBuildConfiguration;
			buildSettings = {
				ALWAYS_SEARCH_USER_PATHS = NO;
				CLANG_CXX_LANGUAGE_STANDARD = "gnu++0x";
				CLANG_CXX_LIBRARY = "libc++";
				CLANG_ENABLE_MODULES = YES;
				CLANG_ENABLE_OBJC_ARC = YES;
				CLANG_WARN_BOOL_CONVERSION = YES;
				CLANG_WARN_CONSTANT_CONVERSION = YES;
				CLANG_WARN_DIRECT_OBJC_ISA_USAGE = YES_ERROR;
				CLANG_WARN_EMPTY_BODY = YES;
				CLANG_WARN_ENUM_CONVERSION = YES;
				CLANG_WARN_INT_CONVERSION = YES;
				CLANG_WARN_OBJC_ROOT_CLASS = YES_ERROR;
				CLANG_WARN_UNREACHABLE_CODE = YES;
				CLANG_WARN__DUPLICATE_METHOD_MATCH = YES;
				"CODE_SIGN_IDENTITY[sdk=iphoneos*]" = "iPhone Developer";
				COPY_PHASE_STRIP = NO;
				DEBUG_INFORMATION_FORMAT = "dwarf-with-dsym";
				ENABLE_STRICT_OBJC_MSGSEND = YES;
				GCC_C_LANGUAGE_STANDARD = gnu99;
				GCC_DYNAMIC_NO_PIC = NO;
				GCC_NO_COMMON_BLOCKS = YES;
				GCC_OPTIMIZATION_LEVEL = 0;
				GCC_PREPROCESSOR_DEFINITIONS = (
					"DEBUG=1",
					"$(inherited)",
				);
				GCC_SYMBOLS_PRIVATE_EXTERN = NO;
				GCC_WARN_64_TO_32_BIT_CONVERSION = YES;
				GCC_WARN_ABOUT_RETURN_TYPE = YES_ERROR;
				GCC_WARN_UNDECLARED_SELECTOR = YES;
				GCC_WARN_UNINITIALIZED_AUTOS = YES_AGGRESSIVE;
				GCC_WARN_UNUSED_FUNCTION = YES;
				GCC_WARN_UNUSED_VARIABLE = YES;
				IPHONEOS_DEPLOYMENT_TARGET = 8.3;
				MTL_ENABLE_DEBUG_INFO = YES;
				ONLY_ACTIVE_ARCH = YES;
				SDKROOT = iphoneos;
				SWIFT_OPTIMIZATION_LEVEL = "-Onone";
			};
			name = Debug;
		};
		2AD318AD1AFAC3ED003E6A36 /* Release */ = {
			isa = XCBuildConfiguration;
			buildSettings = {
				ALWAYS_SEARCH_USER_PATHS = NO;
				CLANG_CXX_LANGUAGE_STANDARD = "gnu++0x";
				CLANG_CXX_LIBRARY = "libc++";
				CLANG_ENABLE_MODULES = YES;
				CLANG_ENABLE_OBJC_ARC = YES;
				CLANG_WARN_BOOL_CONVERSION = YES;
				CLANG_WARN_CONSTANT_CONVERSION = YES;
				CLANG_WARN_DIRECT_OBJC_ISA_USAGE = YES_ERROR;
				CLANG_WARN_EMPTY_BODY = YES;
				CLANG_WARN_ENUM_CONVERSION = YES;
				CLANG_WARN_INT_CONVERSION = YES;
				CLANG_WARN_OBJC_ROOT_CLASS = YES_ERROR;
				CLANG_WARN_UNREACHABLE_CODE = YES;
				CLANG_WARN__DUPLICATE_METHOD_MATCH = YES;
				"CODE_SIGN_IDENTITY[sdk=iphoneos*]" = "iPhone Developer";
				COPY_PHASE_STRIP = NO;
				DEBUG_INFORMATION_FORMAT = "dwarf-with-dsym";
				ENABLE_NS_ASSERTIONS = NO;
				ENABLE_STRICT_OBJC_MSGSEND = YES;
				GCC_C_LANGUAGE_STANDARD = gnu99;
				GCC_NO_COMMON_BLOCKS = YES;
				GCC_WARN_64_TO_32_BIT_CONVERSION = YES;
				GCC_WARN_ABOUT_RETURN_TYPE = YES_ERROR;
				GCC_WARN_UNDECLARED_SELECTOR = YES;
				GCC_WARN_UNINITIALIZED_AUTOS = YES_AGGRESSIVE;
				GCC_WARN_UNUSED_FUNCTION = YES;
				GCC_WARN_UNUSED_VARIABLE = YES;
				IPHONEOS_DEPLOYMENT_TARGET = 8.3;
				MTL_ENABLE_DEBUG_INFO = NO;
				SDKROOT = iphoneos;
				VALIDATE_PRODUCT = YES;
			};
			name = Release;
		};
		2AD318AF1AFAC3ED003E6A36 /* Debug */ = {
			isa = XCBuildConfiguration;
			buildSettings = {
				ASSETCATALOG_COMPILER_APPICON_NAME = AppIcon;
				INFOPLIST_FILE = "Pitch Perfect/Info.plist";
				LD_RUNPATH_SEARCH_PATHS = "$(inherited) @executable_path/Frameworks";
				PRODUCT_NAME = "$(TARGET_NAME)";
			};
			name = Debug;
		};
		2AD318B01AFAC3ED003E6A36 /* Release */ = {
			isa = XCBuildConfiguration;
			buildSettings = {
				ASSETCATALOG_COMPILER_APPICON_NAME = AppIcon;
				INFOPLIST_FILE = "Pitch Perfect/Info.plist";
				LD_RUNPATH_SEARCH_PATHS = "$(inherited) @executable_path/Frameworks";
				PRODUCT_NAME = "$(TARGET_NAME)";
			};
			name = Release;
		};
		2AD318B21AFAC3ED003E6A36 /* Debug */ = {
			isa = XCBuildConfiguration;
			buildSettings = {
				BUNDLE_LOADER = "$(TEST_HOST)";
				FRAMEWORK_SEARCH_PATHS = (
					"$(SDKROOT)/Developer/Library/Frameworks",
					"$(inherited)",
				);
				GCC_PREPROCESSOR_DEFINITIONS = (
					"DEBUG=1",
					"$(inherited)",
				);
				INFOPLIST_FILE = "Pitch PerfectTests/Info.plist";
				LD_RUNPATH_SEARCH_PATHS = "$(inherited) @executable_path/Frameworks @loader_path/Frameworks";
				PRODUCT_NAME = "$(TARGET_NAME)";
				TEST_HOST = "$(BUILT_PRODUCTS_DIR)/Pitch Perfect.app/Pitch Perfect";
			};
			name = Debug;
		};
		2AD318B31AFAC3ED003E6A36 /* Release */ = {
			isa = XCBuildConfiguration;
			buildSettings = {
				BUNDLE_LOADER = "$(TEST_HOST)";
				FRAMEWORK_SEARCH_PATHS = (
					"$(SDKROOT)/Developer/Library/Frameworks",
					"$(inherited)",
				);
				INFOPLIST_FILE = "Pitch PerfectTests/Info.plist";
				LD_RUNPATH_SEARCH_PATHS = "$(inherited) @executable_path/Frameworks @loader_path/Frameworks";
				PRODUCT_NAME = "$(TARGET_NAME)";
				TEST_HOST = "$(BUILT_PRODUCTS_DIR)/Pitch Perfect.app/Pitch Perfect";
			};
			name = Release;
		};
/* End XCBuildConfiguration section */

/* Begin XCConfigurationList section */
		2AD3188A1AFAC3EC003E6A36 /* Build configuration list for PBXProject "Pitch Perfect" */ = {
			isa = XCConfigurationList;
			buildConfigurations = (
				2AD318AC1AFAC3ED003E6A36 /* Debug */,
				2AD318AD1AFAC3ED003E6A36 /* Release */,
			);
			defaultConfigurationIsVisible = 0;
			defaultConfigurationName = Release;
		};
		2AD318AE1AFAC3ED003E6A36 /* Build configuration list for PBXNativeTarget "Pitch Perfect" */ = {
			isa = XCConfigurationList;
			buildConfigurations = (
				2AD318AF1AFAC3ED003E6A36 /* Debug */,
				2AD318B01AFAC3ED003E6A36 /* Release */,
			);
			defaultConfigurationIsVisible = 0;
		};
		2AD318B11AFAC3ED003E6A36 /* Build configuration list for PBXNativeTarget "Pitch PerfectTests" */ = {
			isa = XCConfigurationList;
			buildConfigurations = (
				2AD318B21AFAC3ED003E6A36 /* Debug */,
				2AD318B31AFAC3ED003E6A36 /* Release */,
			);
			defaultConfigurationIsVisible = 0;
		};
/* End XCConfigurationList section */
	};
	rootObject = 2AD318871AFAC3EC003E6A36 /* Project object */;
}
